
Microsoft Visual Studio Solution File, Format Version 12.00
# Visual Studio 14
VisualStudioVersion = 14.0.24720.0
MinimumVisualStudioVersion = 10.0.40219.1
Project("{2150E333-8FDC-42A3-9474-1A3956D46DE8}") = "src", "src", "{CF6FA518-02BF-47D8-A017-1932A351D1B9}"
EndProject
Project("{2150E333-8FDC-42A3-9474-1A3956D46DE8}") = "tests", "tests", "{B81BFD3E-54A0-4BDD-9746-DD96C24EDDB9}"
EndProject
Project("{2150E333-8FDC-42A3-9474-1A3956D46DE8}") = "build", "build", "{51160D2D-8D48-45CC-8FA8-6CC6C371B0A0}"
EndProject
Project("{8BB2217D-0F2D-49D1-97BC-3654ED321F3B}") = "ModernDynamicData.Host.Web", "src\ModernDynamicData.Host.Web\ModernDynamicData.Host.Web.xproj", "{ABE6E6D5-588B-4C2C-BC81-25C933532095}"
EndProject
Project("{8BB2217D-0F2D-49D1-97BC-3654ED321F3B}") = "ModernDynamicData.Abstractions", "src\ModernDynamicData.Abstractions\ModernDynamicData.Abstractions.xproj", "{BF460671-8B0B-4F2A-A3B8-31CBF8D7E669}"
EndProject
Project("{2150E333-8FDC-42A3-9474-1A3956D46DE8}") = "Solution Items", "Solution Items", "{D81CA479-C404-4393-8512-A02A7C4B2C93}"
	ProjectSection(SolutionItems) = preProject
		.gitignore = .gitignore
		global.json = global.json
		LICENSE = LICENSE
		ModernDynamicData.sln.DotSettings = ModernDynamicData.sln.DotSettings
		NuGet.Config = NuGet.Config
		README.md = README.md
	EndProjectSection
EndProject
Project("{8BB2217D-0F2D-49D1-97BC-3654ED321F3B}") = "ModernDynamicData", "src\ModernDynamicData\ModernDynamicData.xproj", "{BF8823E4-6E86-4ECB-8FA7-E1421E69BD1D}"
EndProject
Project("{2150E333-8FDC-42A3-9474-1A3956D46DE8}") = "samples", "samples", "{F5F7F783-0109-4912-9CB7-5A95161E9AB7}"
EndProject
Project("{8BB2217D-0F2D-49D1-97BC-3654ED321F3B}") = "ModernDynamicData.Samples.Host.Web", "samples\ModernDynamicData.Samples.Host.Web\ModernDynamicData.Samples.Host.Web.xproj", "{14B263DD-7B71-4AE6-9222-98421E86A106}"
EndProject
Global
	GlobalSection(SolutionConfigurationPlatforms) = preSolution
		Debug|Any CPU = Debug|Any CPU
		Release|Any CPU = Release|Any CPU
	EndGlobalSection
	GlobalSection(ProjectConfigurationPlatforms) = postSolution
		{ABE6E6D5-588B-4C2C-BC81-25C933532095}.Debug|Any CPU.ActiveCfg = Debug|Any CPU
		{ABE6E6D5-588B-4C2C-BC81-25C933532095}.Debug|Any CPU.Build.0 = Debug|Any CPU
		{ABE6E6D5-588B-4C2C-BC81-25C933532095}.Release|Any CPU.ActiveCfg = Release|Any CPU
		{ABE6E6D5-588B-4C2C-BC81-25C933532095}.Release|Any CPU.Build.0 = Release|Any CPU
		{BF460671-8B0B-4F2A-A3B8-31CBF8D7E669}.Debug|Any CPU.ActiveCfg = Debug|Any CPU
		{BF460671-8B0B-4F2A-A3B8-31CBF8D7E669}.Debug|Any CPU.Build.0 = Debug|Any CPU
		{BF460671-8B0B-4F2A-A3B8-31CBF8D7E669}.Release|Any CPU.ActiveCfg = Release|Any CPU
		{BF460671-8B0B-4F2A-A3B8-31CBF8D7E669}.Release|Any CPU.Build.0 = Release|Any CPU
		{BF8823E4-6E86-4ECB-8FA7-E1421E69BD1D}.Debug|Any CPU.ActiveCfg = Debug|Any CPU
		{BF8823E4-6E86-4ECB-8FA7-E1421E69BD1D}.Debug|Any CPU.Build.0 = Debug|Any CPU
		{BF8823E4-6E86-4ECB-8FA7-E1421E69BD1D}.Release|Any CPU.ActiveCfg = Release|Any CPU
		{BF8823E4-6E86-4ECB-8FA7-E1421E69BD1D}.Release|Any CPU.Build.0 = Release|Any CPU
		{14B263DD-7B71-4AE6-9222-98421E86A106}.Debug|Any CPU.ActiveCfg = Debug|Any CPU
		{14B263DD-7B71-4AE6-9222-98421E86A106}.Debug|Any CPU.Build.0 = Debug|Any CPU
		{14B263DD-7B71-4AE6-9222-98421E86A106}.Release|Any CPU.ActiveCfg = Release|Any CPU
		{14B263DD-7B71-4AE6-9222-98421E86A106}.Release|Any CPU.Build.0 = Release|Any CPU
	EndGlobalSection
	GlobalSection(SolutionProperties) = preSolution
		HideSolutionNode = FALSE
	EndGlobalSection
	GlobalSection(NestedProjects) = preSolution
		{ABE6E6D5-588B-4C2C-BC81-25C933532095} = {CF6FA518-02BF-47D8-A017-1932A351D1B9}
		{BF460671-8B0B-4F2A-A3B8-31CBF8D7E669} = {CF6FA518-02BF-47D8-A017-1932A351D1B9}
		{BF8823E4-6E86-4ECB-8FA7-E1421E69BD1D} = {CF6FA518-02BF-47D8-A017-1932A351D1B9}
		{14B263DD-7B71-4AE6-9222-98421E86A106} = {F5F7F783-0109-4912-9CB7-5A95161E9AB7}
	EndGlobalSection
EndGlobal
